
Microsoft Visual Studio Solution File, Format Version 12.00
# Visual Studio Version 16
VisualStudioVersion = 16.0.30128.74
MinimumVisualStudioVersion = 10.0.40219.1
Project("{FAE04EC0-301F-11D3-BF4B-00C04F79EFBC}") = "Mature.Socket", "Mature.Socket\Mature.Socket.csproj", "{4F3266C3-78D4-418B-BECB-4FDB3D3C1846}"
EndProject
Project("{FAE04EC0-301F-11D3-BF4B-00C04F79EFBC}") = "Mature.Socket.Client.SuperSocket", "Mature.Socket.Client.SuperSocket\Mature.Socket.Client.SuperSocket.csproj", "{2D34D4CF-21F5-46CC-8E21-62EB3ECC2262}"
EndProject
Project("{FAE04EC0-301F-11D3-BF4B-00C04F79EFBC}") = "Mature.Socket.Server.SuperSocket", "Mature.Socket.Server.SuperSocket\Mature.Socket.Server.SuperSocket.csproj", "{E02E5FF6-656F-4E27-99DF-A9EDD63A2A79}"
EndProject
Project("{2150E333-8FDC-42A3-9474-1A3956D46DE8}") = "SuperSocket", "SuperSocket", "{735B7F47-3893-43C6-A378-0D42F07DB24C}"
EndProject
Project("{2150E333-8FDC-42A3-9474-1A3956D46DE8}") = "DotNetty", "DotNetty", "{B168C30F-254E-4E00-90EC-A302975632F2}"
EndProject
Project("{FAE04EC0-301F-11D3-BF4B-00C04F79EFBC}") = "Mature.Socket.Client.DotNetty", "Mature.Socket.Client.DotNetty\Mature.Socket.Client.DotNetty.csproj", "{A91A350C-DA0C-4DDE-A039-6A925F53BD21}"
EndProject
Project("{FAE04EC0-301F-11D3-BF4B-00C04F79EFBC}") = "Mature.Socket.Server.DotNetty", "Mature.Socket.Server.DotNetty\Mature.Socket.Server.DotNetty.csproj", "{0DA3551F-B60E-4392-AEDC-894907FCA33E}"
EndProject
Project("{FAE04EC0-301F-11D3-BF4B-00C04F79EFBC}") = "Mature.Socket.Common.DotNetty", "Mature.Socket.Common.DotNetty\Mature.Socket.Common.DotNetty.csproj", "{BAAF5C89-5076-4FD4-9DFE-DC2C80933D81}"
EndProject
Project("{2150E333-8FDC-42A3-9474-1A3956D46DE8}") = "Simples", "Simples", "{1A2FF2D3-324E-4BB0-89E5-E70D8ED78170}"
EndProject
Project("{FAE04EC0-301F-11D3-BF4B-00C04F79EFBC}") = "Server", "Server\Server.csproj", "{B803E56E-9D4B-46FA-B384-5CC416927580}"
EndProject
Project("{FAE04EC0-301F-11D3-BF4B-00C04F79EFBC}") = "Client", "Client\Client.csproj", "{983DBDDB-525F-4627-8325-2FAB8B1729DD}"
EndProject
Project("{2150E333-8FDC-42A3-9474-1A3956D46DE8}") = "Tests", "Tests", "{4AA87A73-5451-4CD0-8373-27DB71544EA8}"
EndProject
Project("{FAE04EC0-301F-11D3-BF4B-00C04F79EFBC}") = "Mature.Socket.Test", "Mature.Socket.Test\Mature.Socket.Test.csproj", "{4D0F7244-3FAF-44D9-95D2-D9B3826BB807}"
EndProject
Global
	GlobalSection(SolutionConfigurationPlatforms) = preSolution
		Debug|Any CPU = Debug|Any CPU
		Release|Any CPU = Release|Any CPU
	EndGlobalSection
	GlobalSection(ProjectConfigurationPlatforms) = postSolution
		{4F3266C3-78D4-418B-BECB-4FDB3D3C1846}.Debug|Any CPU.ActiveCfg = Debug|Any CPU
		{4F3266C3-78D4-418B-BECB-4FDB3D3C1846}.Debug|Any CPU.Build.0 = Debug|Any CPU
		{4F3266C3-78D4-418B-BECB-4FDB3D3C1846}.Release|Any CPU.ActiveCfg = Release|Any CPU
		{4F3266C3-78D4-418B-BECB-4FDB3D3C1846}.Release|Any CPU.Build.0 = Release|Any CPU
		{2D34D4CF-21F5-46CC-8E21-62EB3ECC2262}.Debug|Any CPU.ActiveCfg = Debug|Any CPU
		{2D34D4CF-21F5-46CC-8E21-62EB3ECC2262}.Debug|Any CPU.Build.0 = Debug|Any CPU
		{2D34D4CF-21F5-46CC-8E21-62EB3ECC2262}.Release|Any CPU.ActiveCfg = Release|Any CPU
		{2D34D4CF-21F5-46CC-8E21-62EB3ECC2262}.Release|Any CPU.Build.0 = Release|Any CPU
		{E02E5FF6-656F-4E27-99DF-A9EDD63A2A79}.Debug|Any CPU.ActiveCfg = Debug|Any CPU
		{E02E5FF6-656F-4E27-99DF-A9EDD63A2A79}.Debug|Any CPU.Build.0 = Debug|Any CPU
		{E02E5FF6-656F-4E27-99DF-A9EDD63A2A79}.Release|Any CPU.ActiveCfg = Release|Any CPU
		{E02E5FF6-656F-4E27-99DF-A9EDD63A2A79}.Release|Any CPU.Build.0 = Release|Any CPU
		{A91A350C-DA0C-4DDE-A039-6A925F53BD21}.Debug|Any CPU.ActiveCfg = Debug|Any CPU
		{A91A350C-DA0C-4DDE-A039-6A925F53BD21}.Debug|Any CPU.Build.0 = Debug|Any CPU
		{A91A350C-DA0C-4DDE-A039-6A925F53BD21}.Release|Any CPU.ActiveCfg = Release|Any CPU
		{A91A350C-DA0C-4DDE-A039-6A925F53BD21}.Release|Any CPU.Build.0 = Release|Any CPU
		{0DA3551F-B60E-4392-AEDC-894907FCA33E}.Debug|Any CPU.ActiveCfg = Debug|Any CPU
		{0DA3551F-B60E-4392-AEDC-894907FCA33E}.Debug|Any CPU.Build.0 = Debug|Any CPU
		{0DA3551F-B60E-4392-AEDC-894907FCA33E}.Release|Any CPU.ActiveCfg = Release|Any CPU
		{0DA3551F-B60E-4392-AEDC-894907FCA33E}.Release|Any CPU.Build.0 = Release|Any CPU
		{BAAF5C89-5076-4FD4-9DFE-DC2C80933D81}.Debug|Any CPU.ActiveCfg = Debug|Any CPU
		{BAAF5C89-5076-4FD4-9DFE-DC2C80933D81}.Debug|Any CPU.Build.0 = Debug|Any CPU
		{BAAF5C89-5076-4FD4-9DFE-DC2C80933D81}.Release|Any CPU.ActiveCfg = Release|Any CPU
		{BAAF5C89-5076-4FD4-9DFE-DC2C80933D81}.Release|Any CPU.Build.0 = Release|Any CPU
		{B803E56E-9D4B-46FA-B384-5CC416927580}.Debug|Any CPU.ActiveCfg = Debug|Any CPU
		{B803E56E-9D4B-46FA-B384-5CC416927580}.Debug|Any CPU.Build.0 = Debug|Any CPU
		{B803E56E-9D4B-46FA-B384-5CC416927580}.Release|Any CPU.ActiveCfg = Release|Any CPU
		{B803E56E-9D4B-46FA-B384-5CC416927580}.Release|Any CPU.Build.0 = Release|Any CPU
		{983DBDDB-525F-4627-8325-2FAB8B1729DD}.Debug|Any CPU.ActiveCfg = Debug|Any CPU
		{983DBDDB-525F-4627-8325-2FAB8B1729DD}.Debug|Any CPU.Build.0 = Debug|Any CPU
		{983DBDDB-525F-4627-8325-2FAB8B1729DD}.Release|Any CPU.ActiveCfg = Release|Any CPU
		{983DBDDB-525F-4627-8325-2FAB8B1729DD}.Release|Any CPU.Build.0 = Release|Any CPU
		{4D0F7244-3FAF-44D9-95D2-D9B3826BB807}.Debug|Any CPU.ActiveCfg = Debug|Any CPU
		{4D0F7244-3FAF-44D9-95D2-D9B3826BB807}.Debug|Any CPU.Build.0 = Debug|Any CPU
		{4D0F7244-3FAF-44D9-95D2-D9B3826BB807}.Release|Any CPU.ActiveCfg = Release|Any CPU
		{4D0F7244-3FAF-44D9-95D2-D9B3826BB807}.Release|Any CPU.Build.0 = Release|Any CPU
	EndGlobalSection
	GlobalSection(SolutionProperties) = preSolution
		HideSolutionNode = FALSE
	EndGlobalSection
	GlobalSection(NestedProjects) = preSolution
		{2D34D4CF-21F5-46CC-8E21-62EB3ECC2262} = {735B7F47-3893-43C6-A378-0D42F07DB24C}
		{E02E5FF6-656F-4E27-99DF-A9EDD63A2A79} = {735B7F47-3893-43C6-A378-0D42F07DB24C}
		{A91A350C-DA0C-4DDE-A039-6A925F53BD21} = {B168C30F-254E-4E00-90EC-A302975632F2}
		{0DA3551F-B60E-4392-AEDC-894907FCA33E} = {B168C30F-254E-4E00-90EC-A302975632F2}
		{BAAF5C89-5076-4FD4-9DFE-DC2C80933D81} = {B168C30F-254E-4E00-90EC-A302975632F2}
		{B803E56E-9D4B-46FA-B384-5CC416927580} = {1A2FF2D3-324E-4BB0-89E5-E70D8ED78170}
		{983DBDDB-525F-4627-8325-2FAB8B1729DD} = {1A2FF2D3-324E-4BB0-89E5-E70D8ED78170}
		{4D0F7244-3FAF-44D9-95D2-D9B3826BB807} = {4AA87A73-5451-4CD0-8373-27DB71544EA8}
	EndGlobalSection
	GlobalSection(ExtensibilityGlobals) = postSolution
		SolutionGuid = {9AD48169-8681-4B78-9E8F-45F82F411227}
	EndGlobalSection
EndGlobal
