
Microsoft Visual Studio Solution File, Format Version 12.00
# Visual Studio Version 16
VisualStudioVersion = 16.0.30128.74
MinimumVisualStudioVersion = 10.0.40219.1
Project("{FAE04EC0-301F-11D3-BF4B-00C04F79EFBC}") = "Mature.TCP", "Mature\Mature.TCP\Mature.TCP.csproj", "{E2DEAED7-9FED-4FBD-A16D-04DD7F6A2048}"
EndProject
Project("{FAE04EC0-301F-11D3-BF4B-00C04F79EFBC}") = "Mature.TCP.Server", "Platform\Net45\Mature.TCP.Server\Mature.TCP.Server.csproj", "{64571312-0260-4AFA-930F-4F194BCD98F8}"
EndProject
Project("{FAE04EC0-301F-11D3-BF4B-00C04F79EFBC}") = "Mature.TCP.Client", "Platform\Net45\Mature.TCP.Client\Mature.TCP.Client.csproj", "{80AAEED3-4385-475E-9A54-8B75ACEA485D}"
EndProject
Project("{2150E333-8FDC-42A3-9474-1A3956D46DE8}") = "Simple", "Simple", "{C253D275-047B-42C1-96F5-5387AD6B4F98}"
EndProject
Project("{FAE04EC0-301F-11D3-BF4B-00C04F79EFBC}") = "Mature.TCP.Server.SuperSocket", "Platform\Net45\Mature.TCP.Server.SuperSocket\Mature.TCP.Server.SuperSocket.csproj", "{D29A97F9-6B7D-4261-B8C0-FECD815EA9BF}"
EndProject
Global
	GlobalSection(SolutionConfigurationPlatforms) = preSolution
		Debug|Any CPU = Debug|Any CPU
		Release|Any CPU = Release|Any CPU
	EndGlobalSection
	GlobalSection(ProjectConfigurationPlatforms) = postSolution
		{E2DEAED7-9FED-4FBD-A16D-04DD7F6A2048}.Debug|Any CPU.ActiveCfg = Debug|Any CPU
		{E2DEAED7-9FED-4FBD-A16D-04DD7F6A2048}.Debug|Any CPU.Build.0 = Debug|Any CPU
		{E2DEAED7-9FED-4FBD-A16D-04DD7F6A2048}.Release|Any CPU.ActiveCfg = Release|Any CPU
		{E2DEAED7-9FED-4FBD-A16D-04DD7F6A2048}.Release|Any CPU.Build.0 = Release|Any CPU
		{64571312-0260-4AFA-930F-4F194BCD98F8}.Debug|Any CPU.ActiveCfg = Debug|Any CPU
		{64571312-0260-4AFA-930F-4F194BCD98F8}.Debug|Any CPU.Build.0 = Debug|Any CPU
		{64571312-0260-4AFA-930F-4F194BCD98F8}.Release|Any CPU.ActiveCfg = Release|Any CPU
		{64571312-0260-4AFA-930F-4F194BCD98F8}.Release|Any CPU.Build.0 = Release|Any CPU
		{80AAEED3-4385-475E-9A54-8B75ACEA485D}.Debug|Any CPU.ActiveCfg = Debug|Any CPU
		{80AAEED3-4385-475E-9A54-8B75ACEA485D}.Debug|Any CPU.Build.0 = Debug|Any CPU
		{80AAEED3-4385-475E-9A54-8B75ACEA485D}.Release|Any CPU.ActiveCfg = Release|Any CPU
		{80AAEED3-4385-475E-9A54-8B75ACEA485D}.Release|Any CPU.Build.0 = Release|Any CPU
		{D29A97F9-6B7D-4261-B8C0-FECD815EA9BF}.Debug|Any CPU.ActiveCfg = Debug|Any CPU
		{D29A97F9-6B7D-4261-B8C0-FECD815EA9BF}.Debug|Any CPU.Build.0 = Debug|Any CPU
		{D29A97F9-6B7D-4261-B8C0-FECD815EA9BF}.Release|Any CPU.ActiveCfg = Release|Any CPU
		{D29A97F9-6B7D-4261-B8C0-FECD815EA9BF}.Release|Any CPU.Build.0 = Release|Any CPU
	EndGlobalSection
	GlobalSection(SolutionProperties) = preSolution
		HideSolutionNode = FALSE
	EndGlobalSection
	GlobalSection(NestedProjects) = preSolution
		{D29A97F9-6B7D-4261-B8C0-FECD815EA9BF} = {C253D275-047B-42C1-96F5-5387AD6B4F98}
	EndGlobalSection
	GlobalSection(ExtensibilityGlobals) = postSolution
		SolutionGuid = {9AD48169-8681-4B78-9E8F-45F82F411227}
	EndGlobalSection
EndGlobal
